schema_version: 1
resolved_at: "2026-07-28T00:00:00Z"

images:
  ubuntu_24_04:
    reference: docker.io/library/ubuntu:24.04
    index_digest: sha256:4fbb8e6a8395de5a7550b33509421a2bafbc0aab6c06ba2cef9ebffbc7092d90
    amd64_digest: sha256:52df9b1ee71626e0088f7d400d5c6b5f7bb916f8f0c82b474289a4ece6cf3faf
  mitmproxy_12_2_3:
    reference: docker.io/mitmproxy/mitmproxy:12.2.3
    index_digest: sha256:00b77b5d8804c8ad18cb6caefbf9d5849e895e8986c5ce011f4ae30f4385962f
    amd64_digest: sha256:68afa70d7b6ac9d269b88f88534f9ffceb363b4ce31703a78702341fba82e831

python_packages:
  mitmproxy: 12.2.3
  pyyaml: 6.0.3

claude_code:
  package: "@anthropic-ai/claude-code"
  version: 2.1.220

node_runtime:
  version: 22.23.1
  linux_x64_sha256: 9749e988f437343b7fa832c69ded82a312e41a03116d766797ac14f6f9eee578

ubuntu_24_04_reference_packages:
  skopeo: 1.13.3+ds1-2ubuntu0.24.04.3
  dnsdist: 1.8.3-2build2
  unbound: 1.19.2-1ubuntu3.8
  wireshark_common: 4.2.2-1.1build3

notes:
  - Images are built from index digests so the same definition supports amd64 and arm64.
  - Ubuntu package versions document the current Noble repository state; published releases use the built image digest.
